
Microsoft Visual Studio Solution File, Format Version 12.00
# Visual Studio Version 17
VisualStudioVersion = 17.9.34701.34
MinimumVisualStudioVersion = 10.0.40219.1
Project("{2150E333-8FDC-42A3-9474-1A3956D46DE8}") = "FrontEnd", "FrontEnd", "{CECEE2E5-9F07-482E-93E8-FDC7F77AB6C2}"
EndProject
Project("{2150E333-8FDC-42A3-9474-1A3956D46DE8}") = "Gateway", "Gateway", "{CAB4412B-DE67-4D3B-95EF-E9D1909BB516}"
EndProject
Project("{2150E333-8FDC-42A3-9474-1A3956D46DE8}") = "Integration", "Integration", "{EF5639F8-728A-4BA5-B66F-DA5352FD3D64}"
EndProject
Project("{2150E333-8FDC-42A3-9474-1A3956D46DE8}") = "Services", "Services", "{B60D964C-DEC5-4D60-98C8-9F32E90A5458}"
EndProject
Project("{9A19103F-16F7-4668-BE54-9A1E7A4F7556}") = "Mango.Services.CouponAPI", "Mango.Services.CouponAPI\Mango.Services.CouponAPI.csproj", "{3DDB8AA7-F691-41DC-8583-80844531DECE}"
EndProject
Project("{FAE04EC0-301F-11D3-BF4B-00C04F79EFBC}") = "Mango.Web", "Mango.Web\Mango.Web.csproj", "{5FA2912F-FC43-4ECE-A90F-33900E372C54}"
EndProject
Global
	GlobalSection(SolutionConfigurationPlatforms) = preSolution
		Debug|Any CPU = Debug|Any CPU
		Release|Any CPU = Release|Any CPU
	EndGlobalSection
	GlobalSection(ProjectConfigurationPlatforms) = postSolution
		{3DDB8AA7-F691-41DC-8583-80844531DECE}.Debug|Any CPU.ActiveCfg = Debug|Any CPU
		{3DDB8AA7-F691-41DC-8583-80844531DECE}.Debug|Any CPU.Build.0 = Debug|Any CPU
		{3DDB8AA7-F691-41DC-8583-80844531DECE}.Release|Any CPU.ActiveCfg = Release|Any CPU
		{3DDB8AA7-F691-41DC-8583-80844531DECE}.Release|Any CPU.Build.0 = Release|Any CPU
		{5FA2912F-FC43-4ECE-A90F-33900E372C54}.Debug|Any CPU.ActiveCfg = Debug|Any CPU
		{5FA2912F-FC43-4ECE-A90F-33900E372C54}.Debug|Any CPU.Build.0 = Debug|Any CPU
		{5FA2912F-FC43-4ECE-A90F-33900E372C54}.Release|Any CPU.ActiveCfg = Release|Any CPU
		{5FA2912F-FC43-4ECE-A90F-33900E372C54}.Release|Any CPU.Build.0 = Release|Any CPU
	EndGlobalSection
	GlobalSection(SolutionProperties) = preSolution
		HideSolutionNode = FALSE
	EndGlobalSection
	GlobalSection(NestedProjects) = preSolution
		{3DDB8AA7-F691-41DC-8583-80844531DECE} = {B60D964C-DEC5-4D60-98C8-9F32E90A5458}
		{5FA2912F-FC43-4ECE-A90F-33900E372C54} = {CECEE2E5-9F07-482E-93E8-FDC7F77AB6C2}
	EndGlobalSection
	GlobalSection(ExtensibilityGlobals) = postSolution
		SolutionGuid = {56AE705B-D0AB-47C2-8205-443F65202D1A}
	EndGlobalSection
EndGlobal
